
Microsoft Visual Studio Solution File, Format Version 12.00
# Visual Studio Version 17
VisualStudioVersion = 17.5.33516.290
MinimumVisualStudioVersion = 10.0.40219.1
Project("{FAE04EC0-301F-11D3-BF4B-00C04F79EFBC}") = "Orientacao.Evento.Carro", "Orientacao.Evento.Carro.csproj", "{E01BA9E1-50B8-4819-BE9C-D54E7C78D586}"
EndProject
Global
	GlobalSection(SolutionConfigurationPlatforms) = preSolution
		Debug|Any CPU = Debug|Any CPU
		Release|Any CPU = Release|Any CPU
	EndGlobalSection
	GlobalSection(ProjectConfigurationPlatforms) = postSolution
		{E01BA9E1-50B8-4819-BE9C-D54E7C78D586}.Debug|Any CPU.ActiveCfg = Debug|Any CPU
		{E01BA9E1-50B8-4819-BE9C-D54E7C78D586}.Debug|Any CPU.Build.0 = Debug|Any CPU
		{E01BA9E1-50B8-4819-BE9C-D54E7C78D586}.Release|Any CPU.ActiveCfg = Release|Any CPU
		{E01BA9E1-50B8-4819-BE9C-D54E7C78D586}.Release|Any CPU.Build.0 = Release|Any CPU
	EndGlobalSection
	GlobalSection(SolutionProperties) = preSolution
		HideSolutionNode = FALSE
	EndGlobalSection
	GlobalSection(ExtensibilityGlobals) = postSolution
		SolutionGuid = {87B2430C-D105-4254-9C7B-AD318EA5FCF7}
	EndGlobalSection
EndGlobal
